// !$*UTF8*$!
{
	archiveVersion = 1;
	classes = {
	};
	objectVersion = 56;
	objects = {

/* Begin PBXBuildFile section */
		DC33C5712A7C45220053D785 /* MobileBorderWalletApp.swift in Sources */ = {isa = PBXBuildFile; fileRef = DC33C5702A7C45220053D785 /* MobileBorderWalletApp.swift */; };
		DC33C5732A7C45220053D785 /* ContentView.swift in Sources */ = {isa = PBXBuildFile; fileRef = DC33C5722A7C45220053D785 /* ContentView.swift */; };
		DC33C5752A7C45240053D785 /* Assets.xcassets in Resources */ = {isa = PBXBuildFile; fileRef = DC33C5742A7C45240053D785 /* Assets.xcassets */; };
		DC33C5782A7C45240053D785 /* Preview Assets.xcassets in Resources */ = {isa = PBXBuildFile; fileRef = DC33C5772A7C45240053D785 /* Preview Assets.xcassets */; };
		DCFDA5782A81665F000F094C /* Data+Hexadecimal.swift in Sources */ = {isa = PBXBuildFile; fileRef = DCFDA5772A81665F000F094C /* Data+Hexadecimal.swift */; };
		DCFDA57A2A81A207000F094C /* String+Padding.swift in Sources */ = {isa = PBXBuildFile; fileRef = DCFDA5792A81A207000F094C /* String+Padding.swift */; };
		DCFDA57C2A82C431000F094C /* PatternSketchView.swift in Sources */ = {isa = PBXBuildFile; fileRef = DCFDA57B2A82C431000F094C /* PatternSketchView.swift */; };
		DCFDA57E2A82C455000F094C /* DotPoint.swift in Sources */ = {isa = PBXBuildFile; fileRef = DCFDA57D2A82C455000F094C /* DotPoint.swift */; };
		DCFDA5802A82C63A000F094C /* MobileBorderWalletUtils.swift in Sources */ = {isa = PBXBuildFile; fileRef = DCFDA57F2A82C63A000F094C /* MobileBorderWalletUtils.swift */; };
		DCFDA5822A82C65D000F094C /* UInt+toBinaryString.swift in Sources */ = {isa = PBXBuildFile; fileRef = DCFDA5812A82C65D000F094C /* UInt+toBinaryString.swift */; };
		DCFDA5852A82D830000F094C /* DisplayWalletView.swift in Sources */ = {isa = PBXBuildFile; fileRef = DCFDA5842A82D830000F094C /* DisplayWalletView.swift */; };
		DCFDA5872A82D8BD000F094C /* RestoreWalletView.swift in Sources */ = {isa = PBXBuildFile; fileRef = DCFDA5862A82D8BD000F094C /* RestoreWalletView.swift */; };
		DCFDA5892A82DA2B000F094C /* Bip39.swift in Sources */ = {isa = PBXBuildFile; fileRef = DCFDA5882A82DA2B000F094C /* Bip39.swift */; };
		DCFDA58B2A83DB98000F094C /* EntropyGridBackup.swift in Sources */ = {isa = PBXBuildFile; fileRef = DCFDA58A2A83DB98000F094C /* EntropyGridBackup.swift */; };
		DCFDA58D2A83E9E7000F094C /* Router.swift in Sources */ = {isa = PBXBuildFile; fileRef = DCFDA58C2A83E9E7000F094C /* Router.swift */; };
		DCFDA5902A83EBC5000F094C /* WalletInfo.swift in Sources */ = {isa = PBXBuildFile; fileRef = DCFDA58F2A83EBC5000F094C /* WalletInfo.swift */; };
		DCFDA5932A83EC75000F094C /* FinishBackupView.swift in Sources */ = {isa = PBXBuildFile; fileRef = DCFDA5922A83EC75000F094C /* FinishBackupView.swift */; };
/* End PBXBuildFile section */

/* Begin PBXFileReference section */
		DC33C56D2A7C45220053D785 /* MobileBorderWallet.app */ = {isa = PBXFileReference; explicitFileType = wrapper.application; includeInIndex = 0; path = MobileBorderWallet.app; sourceTree = BUILT_PRODUCTS_DIR; };
		DC33C5702A7C45220053D785 /* MobileBorderWalletApp.swift */ = {isa = PBXFileReference; lastKnownFileType = sourcecode.swift; path = MobileBorderWalletApp.swift; sourceTree = "<group>"; };
		DC33C5722A7C45220053D785 /* ContentView.swift */ = {isa = PBXFileReference; lastKnownFileType = sourcecode.swift; path = ContentView.swift; sourceTree = "<group>"; };
		DC33C5742A7C45240053D785 /* Assets.xcassets */ = {isa = PBXFileReference; lastKnownFileType = folder.assetcatalog; path = Assets.xcassets; sourceTree = "<group>"; };
		DC33C5772A7C45240053D785 /* Preview Assets.xcassets */ = {isa = PBXFileReference; lastKnownFileType = folder.assetcatalog; path = "Preview Assets.xcassets"; sourceTree = "<group>"; };
		DCFDA5772A81665F000F094C /* Data+Hexadecimal.swift */ = {isa = PBXFileReference; lastKnownFileType = sourcecode.swift; path = "Data+Hexadecimal.swift"; sourceTree = "<group>"; };
		DCFDA5792A81A207000F094C /* String+Padding.swift */ = {isa = PBXFileReference; lastKnownFileType = sourcecode.swift; path = "String+Padding.swift"; sourceTree = "<group>"; };
		DCFDA57B2A82C431000F094C /* PatternSketchView.swift */ = {isa = PBXFileReference; lastKnownFileType = sourcecode.swift; path = PatternSketchView.swift; sourceTree = "<group>"; };
		DCFDA57D2A82C455000F094C /* DotPoint.swift */ = {isa = PBXFileReference; lastKnownFileType = sourcecode.swift; path = DotPoint.swift; sourceTree = "<group>"; };
		DCFDA57F2A82C63A000F094C /* MobileBorderWalletUtils.swift */ = {isa = PBXFileReference; lastKnownFileType = sourcecode.swift; path = MobileBorderWalletUtils.swift; sourceTree = "<group>"; };
		DCFDA5812A82C65D000F094C /* UInt+toBinaryString.swift */ = {isa = PBXFileReference; lastKnownFileType = sourcecode.swift; path = "UInt+toBinaryString.swift"; sourceTree = "<group>"; };
		DCFDA5842A82D830000F094C /* DisplayWalletView.swift */ = {isa = PBXFileReference; lastKnownFileType = sourcecode.swift; path = DisplayWalletView.swift; sourceTree = "<group>"; };
		DCFDA5862A82D8BD000F094C /* RestoreWalletView.swift */ = {isa = PBXFileReference; lastKnownFileType = sourcecode.swift; path = RestoreWalletView.swift; sourceTree = "<group>"; };
		DCFDA5882A82DA2B000F094C /* Bip39.swift */ = {isa = PBXFileReference; lastKnownFileType = sourcecode.swift; path = Bip39.swift; sourceTree = "<group>"; };
		DCFDA58A2A83DB98000F094C /* EntropyGridBackup.swift */ = {isa = PBXFileReference; lastKnownFileType = sourcecode.swift; path = EntropyGridBackup.swift; sourceTree = "<group>"; };
		DCFDA58C2A83E9E7000F094C /* Router.swift */ = {isa = PBXFileReference; lastKnownFileType = sourcecode.swift; path = Router.swift; sourceTree = "<group>"; };
		DCFDA58F2A83EBC5000F094C /* WalletInfo.swift */ = {isa = PBXFileReference; lastKnownFileType = sourcecode.swift; path = WalletInfo.swift; sourceTree = "<group>"; };
		DCFDA5922A83EC75000F094C /* FinishBackupView.swift */ = {isa = PBXFileReference; lastKnownFileType = sourcecode.swift; path = FinishBackupView.swift; sourceTree = "<group>"; };
/* End PBXFileReference section */

/* Begin PBXFrameworksBuildPhase section */
		DC33C56A2A7C45220053D785 /* Frameworks */ = {
			isa = PBXFrameworksBuildPhase;
			buildActionMask = 2147483647;
			files = (
			);
			runOnlyForDeploymentPostprocessing = 0;
		};
/* End PBXFrameworksBuildPhase section */

/* Begin PBXGroup section */
		DC33C5642A7C45210053D785 = {
			isa = PBXGroup;
			children = (
				DC33C56F2A7C45220053D785 /* MobileBorderWallet */,
				DC33C56E2A7C45220053D785 /* Products */,
			);
			sourceTree = "<group>";
		};
		DC33C56E2A7C45220053D785 /* Products */ = {
			isa = PBXGroup;
			children = (
				DC33C56D2A7C45220053D785 /* MobileBorderWallet.app */,
			);
			name = Products;
			sourceTree = "<group>";
		};
		DC33C56F2A7C45220053D785 /* MobileBorderWallet */ = {
			isa = PBXGroup;
			children = (
				DC33C5702A7C45220053D785 /* MobileBorderWalletApp.swift */,
				DC33C5722A7C45220053D785 /* ContentView.swift */,
				DCFDA58C2A83E9E7000F094C /* Router.swift */,
				DCFDA5842A82D830000F094C /* DisplayWalletView.swift */,
				DCFDA57B2A82C431000F094C /* PatternSketchView.swift */,
				DCFDA5922A83EC75000F094C /* FinishBackupView.swift */,
				DCFDA5862A82D8BD000F094C /* RestoreWalletView.swift */,
				DC33C5742A7C45240053D785 /* Assets.xcassets */,
				DC33C5762A7C45240053D785 /* Preview Content */,
				DCFDA5832A82C663000F094C /* Categories */,
				DCFDA58E2A83EB95000F094C /* Types */,
				DCFDA5912A83EBDA000F094C /* Utils */,
			);
			path = MobileBorderWallet;
			sourceTree = "<group>";
		};
		DC33C5762A7C45240053D785 /* Preview Content */ = {
			isa = PBXGroup;
			children = (
				DC33C5772A7C45240053D785 /* Preview Assets.xcassets */,
			);
			path = "Preview Content";
			sourceTree = "<group>";
		};
		DCFDA5832A82C663000F094C /* Categories */ = {
			isa = PBXGroup;
			children = (
				DCFDA5772A81665F000F094C /* Data+Hexadecimal.swift */,
				DCFDA5792A81A207000F094C /* String+Padding.swift */,
				DCFDA5812A82C65D000F094C /* UInt+toBinaryString.swift */,
			);
			path = Categories;
			sourceTree = "<group>";
		};
		DCFDA58E2A83EB95000F094C /* Types */ = {
			isa = PBXGroup;
			children = (
				DCFDA57D2A82C455000F094C /* DotPoint.swift */,
				DCFDA58A2A83DB98000F094C /* EntropyGridBackup.swift */,
				DCFDA58F2A83EBC5000F094C /* WalletInfo.swift */,
			);
			path = Types;
			sourceTree = "<group>";
		};
		DCFDA5912A83EBDA000F094C /* Utils */ = {
			isa = PBXGroup;
			children = (
				DCFDA5882A82DA2B000F094C /* Bip39.swift */,
				DCFDA57F2A82C63A000F094C /* MobileBorderWalletUtils.swift */,
			);
			path = Utils;
			sourceTree = "<group>";
		};
/* End PBXGroup section */

/* Begin PBXNativeTarget section */
		DC33C56C2A7C45220053D785 /* MobileBorderWallet */ = {
			isa = PBXNativeTarget;
			buildConfigurationList = DC33C57B2A7C45240053D785 /* Build configuration list for PBXNativeTarget "MobileBorderWallet" */;
			buildPhases = (
				DC33C5692A7C45220053D785 /* Sources */,
				DC33C56A2A7C45220053D785 /* Frameworks */,
				DC33C56B2A7C45220053D785 /* Resources */,
			);
			buildRules = (
			);
			dependencies = (
			);
			name = MobileBorderWallet;
			productName = MobileBorderWallet;
			productReference = DC33C56D2A7C45220053D785 /* MobileBorderWallet.app */;
			productType = "com.apple.product-type.application";
		};
/* End PBXNativeTarget section */

/* Begin PBXProject section */
		DC33C5652A7C45210053D785 /* Project object */ = {
			isa = PBXProject;
			attributes = {
				BuildIndependentTargetsInParallel = 1;
				LastSwiftUpdateCheck = 1430;
				LastUpgradeCheck = 1430;
				TargetAttributes = {
					DC33C56C2A7C45220053D785 = {
						CreatedOnToolsVersion = 14.3.1;
					};
				};
			};
			buildConfigurationList = DC33C5682A7C45210053D785 /* Build configuration list for PBXProject "MobileBorderWallet" */;
			compatibilityVersion = "Xcode 14.0";
			developmentRegion = en;
			hasScannedForEncodings = 0;
			knownRegions = (
				en,
				Base,
			);
			mainGroup = DC33C5642A7C45210053D785;
			productRefGroup = DC33C56E2A7C45220053D785 /* Products */;
			projectDirPath = "";
			projectRoot = "";
			targets = (
				DC33C56C2A7C45220053D785 /* MobileBorderWallet */,
			);
		};
/* End PBXProject section */

/* Begin PBXResourcesBuildPhase section */
		DC33C56B2A7C45220053D785 /* Resources */ = {
			isa = PBXResourcesBuildPhase;
			buildActionMask = 2147483647;
			files = (
				DC33C5782A7C45240053D785 /* Preview Assets.xcassets in Resources */,
				DC33C5752A7C45240053D785 /* Assets.xcassets in Resources */,
			);
			runOnlyForDeploymentPostprocessing = 0;
		};
/* End PBXResourcesBuildPhase section */

/* Begin PBXSourcesBuildPhase section */
		DC33C5692A7C45220053D785 /* Sources */ = {
			isa = PBXSourcesBuildPhase;
			buildActionMask = 2147483647;
			files = (
				DCFDA5902A83EBC5000F094C /* WalletInfo.swift in Sources */,
				DCFDA57E2A82C455000F094C /* DotPoint.swift in Sources */,
				DCFDA57A2A81A207000F094C /* String+Padding.swift in Sources */,
				DCFDA5892A82DA2B000F094C /* Bip39.swift in Sources */,
				DC33C5732A7C45220053D785 /* ContentView.swift in Sources */,
				DCFDA5802A82C63A000F094C /* MobileBorderWalletUtils.swift in Sources */,
				DC33C5712A7C45220053D785 /* MobileBorderWalletApp.swift in Sources */,
				DCFDA5782A81665F000F094C /* Data+Hexadecimal.swift in Sources */,
				DCFDA58B2A83DB98000F094C /* EntropyGridBackup.swift in Sources */,
				DCFDA5932A83EC75000F094C /* FinishBackupView.swift in Sources */,
				DCFDA5872A82D8BD000F094C /* RestoreWalletView.swift in Sources */,
				DCFDA5822A82C65D000F094C /* UInt+toBinaryString.swift in Sources */,
				DCFDA5852A82D830000F094C /* DisplayWalletView.swift in Sources */,
				DCFDA57C2A82C431000F094C /* PatternSketchView.swift in Sources */,
				DCFDA58D2A83E9E7000F094C /* Router.swift in Sources */,
			);
			runOnlyForDeploymentPostprocessing = 0;
		};
/* End PBXSourcesBuildPhase section */

/* Begin XCBuildConfiguration section */
		DC33C5792A7C45240053D785 /* Debug */ = {
			isa = XCBuildConfiguration;
			buildSettings = {
				ALWAYS_SEARCH_USER_PATHS = NO;
				CLANG_ANALYZER_NONNULL = YES;
				CLANG_ANALYZER_NUMBER_OBJECT_CONVERSION = YES_AGGRESSIVE;
				CLANG_CXX_LANGUAGE_STANDARD = "gnu++20";
				CLANG_ENABLE_MODULES = YES;
				CLANG_ENABLE_OBJC_ARC = YES;
				CLANG_ENABLE_OBJC_WEAK = YES;
				CLANG_WARN_BLOCK_CAPTURE_AUTORELEASING = YES;
				CLANG_WARN_BOOL_CONVERSION = YES;
				CLANG_WARN_COMMA = YES;
				CLANG_WARN_CONSTANT_CONVERSION = YES;
				CLANG_WARN_DEPRECATED_OBJC_IMPLEMENTATIONS = YES;
				CLANG_WARN_DIRECT_OBJC_ISA_USAGE = YES_ERROR;
				CLANG_WARN_DOCUMENTATION_COMMENTS = YES;
				CLANG_WARN_EMPTY_BODY = YES;
				CLANG_WARN_ENUM_CONVERSION = YES;
				CLANG_WARN_INFINITE_RECURSION = YES;
				CLANG_WARN_INT_CONVERSION = YES;
				CLANG_WARN_NON_LITERAL_NULL_CONVERSION = YES;
				CLANG_WARN_OBJC_IMPLICIT_RETAIN_SELF = YES;
				CLANG_WARN_OBJC_LITERAL_CONVERSION = YES;
				CLANG_WARN_OBJC_ROOT_CLASS = YES_ERROR;
				CLANG_WARN_QUOTED_INCLUDE_IN_FRAMEWORK_HEADER = YES;
				CLANG_WARN_RANGE_LOOP_ANALYSIS = YES;
				CLANG_WARN_STRICT_PROTOTYPES = YES;
				CLANG_WARN_SUSPICIOUS_MOVE = YES;
				CLANG_WARN_UNGUARDED_AVAILABILITY = YES_AGGRESSIVE;
				CLANG_WARN_UNREACHABLE_CODE = YES;
				CLANG_WARN__DUPLICATE_METHOD_MATCH = YES;
				COPY_PHASE_STRIP = NO;
				DEBUG_INFORMATION_FORMAT = dwarf;
				ENABLE_STRICT_OBJC_MSGSEND = YES;
				ENABLE_TESTABILITY = YES;
				GCC_C_LANGUAGE_STANDARD = gnu11;
				GCC_DYNAMIC_NO_PIC = NO;
				GCC_NO_COMMON_BLOCKS = YES;
				GCC_OPTIMIZATION_LEVEL = 0;
				GCC_PREPROCESSOR_DEFINITIONS = (
					"DEBUG=1",
					"$(inherited)",
				);
				GCC_WARN_64_TO_32_BIT_CONVERSION = YES;
				GCC_WARN_ABOUT_RETURN_TYPE = YES_ERROR;
				GCC_WARN_UNDECLARED_SELECTOR = YES;
				GCC_WARN_UNINITIALIZED_AUTOS = YES_AGGRESSIVE;
				GCC_WARN_UNUSED_FUNCTION = YES;
				GCC_WARN_UNUSED_VARIABLE = YES;
				IPHONEOS_DEPLOYMENT_TARGET = 16.4;
				MTL_ENABLE_DEBUG_INFO = INCLUDE_SOURCE;
				MTL_FAST_MATH = YES;
				ONLY_ACTIVE_ARCH = YES;
				SDKROOT = iphoneos;
				SWIFT_ACTIVE_COMPILATION_CONDITIONS = DEBUG;
				SWIFT_OPTIMIZATION_LEVEL = "-Onone";
			};
			name = Debug;
		};
		DC33C57A2A7C45240053D785 /* Release */ = {
			isa = XCBuildConfiguration;
			buildSettings = {
				ALWAYS_SEARCH_USER_PATHS = NO;
				CLANG_ANALYZER_NONNULL = YES;
				CLANG_ANALYZER_NUMBER_OBJECT_CONVERSION = YES_AGGRESSIVE;
				CLANG_CXX_LANGUAGE_STANDARD = "gnu++20";
				CLANG_ENABLE_MODULES = YES;
				CLANG_ENABLE_OBJC_ARC = YES;
				CLANG_ENABLE_OBJC_WEAK = YES;
				CLANG_WARN_BLOCK_CAPTURE_AUTORELEASING = YES;
				CLANG_WARN_BOOL_CONVERSION = YES;
				CLANG_WARN_COMMA = YES;
				CLANG_WARN_CONSTANT_CONVERSION = YES;
				CLANG_WARN_DEPRECATED_OBJC_IMPLEMENTATIONS = YES;
				CLANG_WARN_DIRECT_OBJC_ISA_USAGE = YES_ERROR;
				CLANG_WARN_DOCUMENTATION_COMMENTS = YES;
				CLANG_WARN_EMPTY_BODY = YES;
				CLANG_WARN_ENUM_CONVERSION = YES;
				CLANG_WARN_INFINITE_RECURSION = YES;
				CLANG_WARN_INT_CONVERSION = YES;
				CLANG_WARN_NON_LITERAL_NULL_CONVERSION = YES;
				CLANG_WARN_OBJC_IMPLICIT_RETAIN_SELF = YES;
				CLANG_WARN_OBJC_LITERAL_CONVERSION = YES;
				CLANG_WARN_OBJC_ROOT_CLASS = YES_ERROR;
				CLANG_WARN_QUOTED_INCLUDE_IN_FRAMEWORK_HEADER = YES;
				CLANG_WARN_RANGE_LOOP_ANALYSIS = YES;
				CLANG_WARN_STRICT_PROTOTYPES = YES;
				CLANG_WARN_SUSPICIOUS_MOVE = YES;
				CLANG_WARN_UNGUARDED_AVAILABILITY = YES_AGGRESSIVE;
				CLANG_WARN_UNREACHABLE_CODE = YES;
				CLANG_WARN__DUPLICATE_METHOD_MATCH = YES;
				COPY_PHASE_STRIP = NO;
				DEBUG_INFORMATION_FORMAT = "dwarf-with-dsym";
				ENABLE_NS_ASSERTIONS = NO;
				ENABLE_STRICT_OBJC_MSGSEND = YES;
				GCC_C_LANGUAGE_STANDARD = gnu11;
				GCC_NO_COMMON_BLOCKS = YES;
				GCC_WARN_64_TO_32_BIT_CONVERSION = YES;
				GCC_WARN_ABOUT_RETURN_TYPE = YES_ERROR;
				GCC_WARN_UNDECLARED_SELECTOR = YES;
				GCC_WARN_UNINITIALIZED_AUTOS = YES_AGGRESSIVE;
				GCC_WARN_UNUSED_FUNCTION = YES;
				GCC_WARN_UNUSED_VARIABLE = YES;
				IPHONEOS_DEPLOYMENT_TARGET = 16.4;
				MTL_ENABLE_DEBUG_INFO = NO;
				MTL_FAST_MATH = YES;
				SDKROOT = iphoneos;
				SWIFT_COMPILATION_MODE = wholemodule;
				SWIFT_OPTIMIZATION_LEVEL = "-O";
				VALIDATE_PRODUCT = YES;
			};
			name = Release;
		};
		DC33C57C2A7C45240053D785 /* Debug */ = {
			isa = XCBuildConfiguration;
			buildSettings = {
				ASSETCATALOG_COMPILER_APPICON_NAME = AppIcon;
				ASSETCATALOG_COMPILER_GLOBAL_ACCENT_COLOR_NAME = AccentColor;
				CODE_SIGN_STYLE = Automatic;
				CURRENT_PROJECT_VERSION = 1;
				DEVELOPMENT_ASSET_PATHS = "\"MobileBorderWallet/Preview Content\"";
				DEVELOPMENT_TEAM = T7839KRU5H;
				ENABLE_PREVIEWS = YES;
				GENERATE_INFOPLIST_FILE = YES;
				INFOPLIST_KEY_UIApplicationSceneManifest_Generation = YES;
				INFOPLIST_KEY_UIApplicationSupportsIndirectInputEvents = YES;
				INFOPLIST_KEY_UILaunchScreen_Generation = YES;
				INFOPLIST_KEY_UISupportedInterfaceOrientations_iPad = "UIInterfaceOrientationPortrait UIInterfaceOrientationPortraitUpsideDown UIInterfaceOrientationLandscapeLeft UIInterfaceOrientationLandscapeRight";
				INFOPLIST_KEY_UISupportedInterfaceOrientations_iPhone = "UIInterfaceOrientationPortrait UIInterfaceOrientationLandscapeLeft UIInterfaceOrientationLandscapeRight";
				IPHONEOS_DEPLOYMENT_TARGET = 16.0;
				LD_RUNPATH_SEARCH_PATHS = (
					"$(inherited)",
					"@executable_path/Frameworks",
				);
				MARKETING_VERSION = 1.0;
				PRODUCT_BUNDLE_IDENTIFIER = co.wuteva.MobileBorderWallet;
				PRODUCT_NAME = "$(TARGET_NAME)";
				SWIFT_EMIT_LOC_STRINGS = YES;
				SWIFT_VERSION = 5.0;
				TARGETED_DEVICE_FAMILY = "1,2";
			};
			name = Debug;
		};
		DC33C57D2A7C45240053D785 /* Release */ = {
			isa = XCBuildConfiguration;
			buildSettings = {
				ASSETCATALOG_COMPILER_APPICON_NAME = AppIcon;
				ASSETCATALOG_COMPILER_GLOBAL_ACCENT_COLOR_NAME = AccentColor;
				CODE_SIGN_STYLE = Automatic;
				CURRENT_PROJECT_VERSION = 1;
				DEVELOPMENT_ASSET_PATHS = "\"MobileBorderWallet/Preview Content\"";
				DEVELOPMENT_TEAM = T7839KRU5H;
				ENABLE_PREVIEWS = YES;
				GENERATE_INFOPLIST_FILE = YES;
				INFOPLIST_KEY_UIApplicationSceneManifest_Generation = YES;
				INFOPLIST_KEY_UIApplicationSupportsIndirectInputEvents = YES;
				INFOPLIST_KEY_UILaunchScreen_Generation = YES;
				INFOPLIST_KEY_UISupportedInterfaceOrientations_iPad = "UIInterfaceOrientationPortrait UIInterfaceOrientationPortraitUpsideDown UIInterfaceOrientationLandscapeLeft UIInterfaceOrientationLandscapeRight";
				INFOPLIST_KEY_UISupportedInterfaceOrientations_iPhone = "UIInterfaceOrientationPortrait UIInterfaceOrientationLandscapeLeft UIInterfaceOrientationLandscapeRight";
				IPHONEOS_DEPLOYMENT_TARGET = 16.0;
				LD_RUNPATH_SEARCH_PATHS = (
					"$(inherited)",
					"@executable_path/Frameworks",
				);
				MARKETING_VERSION = 1.0;
				PRODUCT_BUNDLE_IDENTIFIER = co.wuteva.MobileBorderWallet;
				PRODUCT_NAME = "$(TARGET_NAME)";
				SWIFT_EMIT_LOC_STRINGS = YES;
				SWIFT_VERSION = 5.0;
				TARGETED_DEVICE_FAMILY = "1,2";
			};
			name = Release;
		};
/* End XCBuildConfiguration section */

/* Begin XCConfigurationList section */
		DC33C5682A7C45210053D785 /* Build configuration list for PBXProject "MobileBorderWallet" */ = {
			isa = XCConfigurationList;
			buildConfigurations = (
				DC33C5792A7C45240053D785 /* Debug */,
				DC33C57A2A7C45240053D785 /* Release */,
			);
			defaultConfigurationIsVisible = 0;
			defaultConfigurationName = Release;
		};
		DC33C57B2A7C45240053D785 /* Build configuration list for PBXNativeTarget "MobileBorderWallet" */ = {
			isa = XCConfigurationList;
			buildConfigurations = (
				DC33C57C2A7C45240053D785 /* Debug */,
				DC33C57D2A7C45240053D785 /* Release */,
			);
			defaultConfigurationIsVisible = 0;
			defaultConfigurationName = Release;
		};
/* End XCConfigurationList section */
	};
	rootObject = DC33C5652A7C45210053D785 /* Project object */;
}
