// !$*UTF8*$!
{
	archiveVersion = 1;
	classes = {
	};
	objectVersion = 55;
	objects = {

/* Begin PBXBuildFile section */
		DCB511972819CFFF001BC525 /* NativeTools.m in Sources */ = {isa = PBXBuildFile; fileRef = DCB511962819CFFF001BC525 /* NativeTools.m */; };
		DCB511982819CFFF001BC525 /* NativeTools.h in CopyFiles */ = {isa = PBXBuildFile; fileRef = DCB511952819CFFF001BC525 /* NativeTools.h */; };
		DCB511A02819D028001BC525 /* NativeIDN.swift in Sources */ = {isa = PBXBuildFile; fileRef = DCB5119F2819D028001BC525 /* NativeIDN.swift */; };
		DCB511A32819D058001BC525 /* Punnycode in Frameworks */ = {isa = PBXBuildFile; productRef = DCB511A22819D058001BC525 /* Punnycode */; };
/* End PBXBuildFile section */

/* Begin PBXCopyFilesBuildPhase section */
		DCB511902819CFFF001BC525 /* CopyFiles */ = {
			isa = PBXCopyFilesBuildPhase;
			buildActionMask = 2147483647;
			dstPath = "include/$(PRODUCT_NAME)";
			dstSubfolderSpec = 16;
			files = (
				DCB511982819CFFF001BC525 /* NativeTools.h in CopyFiles */,
			);
			runOnlyForDeploymentPostprocessing = 0;
		};
/* End PBXCopyFilesBuildPhase section */

/* Begin PBXFileReference section */
		DCB511922819CFFF001BC525 /* libNativeTools.a */ = {isa = PBXFileReference; explicitFileType = archive.ar; includeInIndex = 0; path = libNativeTools.a; sourceTree = BUILT_PRODUCTS_DIR; };
		DCB511952819CFFF001BC525 /* NativeTools.h */ = {isa = PBXFileReference; lastKnownFileType = sourcecode.c.h; path = NativeTools.h; sourceTree = "<group>"; };
		DCB511962819CFFF001BC525 /* NativeTools.m */ = {isa = PBXFileReference; lastKnownFileType = sourcecode.c.objc; path = NativeTools.m; sourceTree = "<group>"; };
		DCB5119E2819D027001BC525 /* NativeTools-Bridging-Header.h */ = {isa = PBXFileReference; lastKnownFileType = sourcecode.c.h; path = "NativeTools-Bridging-Header.h"; sourceTree = "<group>"; };
		DCB5119F2819D028001BC525 /* NativeIDN.swift */ = {isa = PBXFileReference; lastKnownFileType = sourcecode.swift; path = NativeIDN.swift; sourceTree = "<group>"; };
/* End PBXFileReference section */

/* Begin PBXFrameworksBuildPhase section */
		DCB5118F2819CFFF001BC525 /* Frameworks */ = {
			isa = PBXFrameworksBuildPhase;
			buildActionMask = 2147483647;
			files = (
				DCB511A32819D058001BC525 /* Punnycode in Frameworks */,
			);
			runOnlyForDeploymentPostprocessing = 0;
		};
/* End PBXFrameworksBuildPhase section */

/* Begin PBXGroup section */
		DCB511892819CFFF001BC525 = {
			isa = PBXGroup;
			children = (
				DCB511942819CFFF001BC525 /* NativeTools */,
				DCB511932819CFFF001BC525 /* Products */,
			);
			sourceTree = "<group>";
		};
		DCB511932819CFFF001BC525 /* Products */ = {
			isa = PBXGroup;
			children = (
				DCB511922819CFFF001BC525 /* libNativeTools.a */,
			);
			name = Products;
			sourceTree = "<group>";
		};
		DCB511942819CFFF001BC525 /* NativeTools */ = {
			isa = PBXGroup;
			children = (
				DCB511952819CFFF001BC525 /* NativeTools.h */,
				DCB511962819CFFF001BC525 /* NativeTools.m */,
				DCB5119F2819D028001BC525 /* NativeIDN.swift */,
				DCB5119E2819D027001BC525 /* NativeTools-Bridging-Header.h */,
			);
			path = NativeTools;
			sourceTree = "<group>";
		};
/* End PBXGroup section */

/* Begin PBXNativeTarget section */
		DCB511912819CFFF001BC525 /* NativeTools */ = {
			isa = PBXNativeTarget;
			buildConfigurationList = DCB5119B2819CFFF001BC525 /* Build configuration list for PBXNativeTarget "NativeTools" */;
			buildPhases = (
				DCB5118E2819CFFF001BC525 /* Sources */,
				DCB5118F2819CFFF001BC525 /* Frameworks */,
				DCB511902819CFFF001BC525 /* CopyFiles */,
			);
			buildRules = (
			);
			dependencies = (
			);
			name = NativeTools;
			packageProductDependencies = (
				DCB511A22819D058001BC525 /* Punnycode */,
			);
			productName = NativeTools;
			productReference = DCB511922819CFFF001BC525 /* libNativeTools.a */;
			productType = "com.apple.product-type.library.static";
		};
/* End PBXNativeTarget section */

/* Begin PBXProject section */
		DCB5118A2819CFFF001BC525 /* Project object */ = {
			isa = PBXProject;
			attributes = {
				BuildIndependentTargetsInParallel = 1;
				LastUpgradeCheck = 1330;
				TargetAttributes = {
					DCB511912819CFFF001BC525 = {
						CreatedOnToolsVersion = 13.3;
						LastSwiftMigration = 1330;
					};
				};
			};
			buildConfigurationList = DCB5118D2819CFFF001BC525 /* Build configuration list for PBXProject "NativeTools" */;
			compatibilityVersion = "Xcode 13.0";
			developmentRegion = en;
			hasScannedForEncodings = 0;
			knownRegions = (
				en,
				Base,
			);
			mainGroup = DCB511892819CFFF001BC525;
			packageReferences = (
				DCB511A12819D058001BC525 /* XCRemoteSwiftPackageReference "PunycodeSwift" */,
			);
			productRefGroup = DCB511932819CFFF001BC525 /* Products */;
			projectDirPath = "";
			projectRoot = "";
			targets = (
				DCB511912819CFFF001BC525 /* NativeTools */,
			);
		};
/* End PBXProject section */

/* Begin PBXSourcesBuildPhase section */
		DCB5118E2819CFFF001BC525 /* Sources */ = {
			isa = PBXSourcesBuildPhase;
			buildActionMask = 2147483647;
			files = (
				DCB511A02819D028001BC525 /* NativeIDN.swift in Sources */,
				DCB511972819CFFF001BC525 /* NativeTools.m in Sources */,
			);
			runOnlyForDeploymentPostprocessing = 0;
		};
/* End PBXSourcesBuildPhase section */

/* Begin XCBuildConfiguration section */
		DCB511992819CFFF001BC525 /* Debug */ = {
			isa = XCBuildConfiguration;
			buildSettings = {
				ALWAYS_SEARCH_USER_PATHS = NO;
				CLANG_ANALYZER_NONNULL = YES;
				CLANG_ANALYZER_NUMBER_OBJECT_CONVERSION = YES_AGGRESSIVE;
				CLANG_CXX_LANGUAGE_STANDARD = "gnu++17";
				CLANG_ENABLE_MODULES = YES;
				CLANG_ENABLE_OBJC_ARC = YES;
				CLANG_ENABLE_OBJC_WEAK = YES;
				CLANG_WARN_BLOCK_CAPTURE_AUTORELEASING = YES;
				CLANG_WARN_BOOL_CONVERSION = YES;
				CLANG_WARN_COMMA = YES;
				CLANG_WARN_CONSTANT_CONVERSION = YES;
				CLANG_WARN_DEPRECATED_OBJC_IMPLEMENTATIONS = YES;
				CLANG_WARN_DIRECT_OBJC_ISA_USAGE = YES_ERROR;
				CLANG_WARN_DOCUMENTATION_COMMENTS = YES;
				CLANG_WARN_EMPTY_BODY = YES;
				CLANG_WARN_ENUM_CONVERSION = YES;
				CLANG_WARN_INFINITE_RECURSION = YES;
				CLANG_WARN_INT_CONVERSION = YES;
				CLANG_WARN_NON_LITERAL_NULL_CONVERSION = YES;
				CLANG_WARN_OBJC_IMPLICIT_RETAIN_SELF = YES;
				CLANG_WARN_OBJC_LITERAL_CONVERSION = YES;
				CLANG_WARN_OBJC_ROOT_CLASS = YES_ERROR;
				CLANG_WARN_QUOTED_INCLUDE_IN_FRAMEWORK_HEADER = YES;
				CLANG_WARN_RANGE_LOOP_ANALYSIS = YES;
				CLANG_WARN_STRICT_PROTOTYPES = YES;
				CLANG_WARN_SUSPICIOUS_MOVE = YES;
				CLANG_WARN_UNGUARDED_AVAILABILITY = YES_AGGRESSIVE;
				CLANG_WARN_UNREACHABLE_CODE = YES;
				CLANG_WARN__DUPLICATE_METHOD_MATCH = YES;
				COPY_PHASE_STRIP = NO;
				DEBUG_INFORMATION_FORMAT = dwarf;
				ENABLE_STRICT_OBJC_MSGSEND = YES;
				ENABLE_TESTABILITY = YES;
				GCC_C_LANGUAGE_STANDARD = gnu11;
				GCC_DYNAMIC_NO_PIC = NO;
				GCC_NO_COMMON_BLOCKS = YES;
				GCC_OPTIMIZATION_LEVEL = 0;
				GCC_PREPROCESSOR_DEFINITIONS = (
					"DEBUG=1",
					"$(inherited)",
				);
				GCC_WARN_64_TO_32_BIT_CONVERSION = YES;
				GCC_WARN_ABOUT_RETURN_TYPE = YES_ERROR;
				GCC_WARN_UNDECLARED_SELECTOR = YES;
				GCC_WARN_UNINITIALIZED_AUTOS = YES_AGGRESSIVE;
				GCC_WARN_UNUSED_FUNCTION = YES;
				GCC_WARN_UNUSED_VARIABLE = YES;
				IPHONEOS_DEPLOYMENT_TARGET = 15.4;
				MTL_ENABLE_DEBUG_INFO = INCLUDE_SOURCE;
				MTL_FAST_MATH = YES;
				ONLY_ACTIVE_ARCH = YES;
				SDKROOT = iphoneos;
			};
			name = Debug;
		};
		DCB5119A2819CFFF001BC525 /* Release */ = {
			isa = XCBuildConfiguration;
			buildSettings = {
				ALWAYS_SEARCH_USER_PATHS = NO;
				CLANG_ANALYZER_NONNULL = YES;
				CLANG_ANALYZER_NUMBER_OBJECT_CONVERSION = YES_AGGRESSIVE;
				CLANG_CXX_LANGUAGE_STANDARD = "gnu++17";
				CLANG_ENABLE_MODULES = YES;
				CLANG_ENABLE_OBJC_ARC = YES;
				CLANG_ENABLE_OBJC_WEAK = YES;
				CLANG_WARN_BLOCK_CAPTURE_AUTORELEASING = YES;
				CLANG_WARN_BOOL_CONVERSION = YES;
				CLANG_WARN_COMMA = YES;
				CLANG_WARN_CONSTANT_CONVERSION = YES;
				CLANG_WARN_DEPRECATED_OBJC_IMPLEMENTATIONS = YES;
				CLANG_WARN_DIRECT_OBJC_ISA_USAGE = YES_ERROR;
				CLANG_WARN_DOCUMENTATION_COMMENTS = YES;
				CLANG_WARN_EMPTY_BODY = YES;
				CLANG_WARN_ENUM_CONVERSION = YES;
				CLANG_WARN_INFINITE_RECURSION = YES;
				CLANG_WARN_INT_CONVERSION = YES;
				CLANG_WARN_NON_LITERAL_NULL_CONVERSION = YES;
				CLANG_WARN_OBJC_IMPLICIT_RETAIN_SELF = YES;
				CLANG_WARN_OBJC_LITERAL_CONVERSION = YES;
				CLANG_WARN_OBJC_ROOT_CLASS = YES_ERROR;
				CLANG_WARN_QUOTED_INCLUDE_IN_FRAMEWORK_HEADER = YES;
				CLANG_WARN_RANGE_LOOP_ANALYSIS = YES;
				CLANG_WARN_STRICT_PROTOTYPES = YES;
				CLANG_WARN_SUSPICIOUS_MOVE = YES;
				CLANG_WARN_UNGUARDED_AVAILABILITY = YES_AGGRESSIVE;
				CLANG_WARN_UNREACHABLE_CODE = YES;
				CLANG_WARN__DUPLICATE_METHOD_MATCH = YES;
				COPY_PHASE_STRIP = NO;
				DEBUG_INFORMATION_FORMAT = "dwarf-with-dsym";
				ENABLE_NS_ASSERTIONS = NO;
				ENABLE_STRICT_OBJC_MSGSEND = YES;
				GCC_C_LANGUAGE_STANDARD = gnu11;
				GCC_NO_COMMON_BLOCKS = YES;
				GCC_WARN_64_TO_32_BIT_CONVERSION = YES;
				GCC_WARN_ABOUT_RETURN_TYPE = YES_ERROR;
				GCC_WARN_UNDECLARED_SELECTOR = YES;
				GCC_WARN_UNINITIALIZED_AUTOS = YES_AGGRESSIVE;
				GCC_WARN_UNUSED_FUNCTION = YES;
				GCC_WARN_UNUSED_VARIABLE = YES;
				IPHONEOS_DEPLOYMENT_TARGET = 15.4;
				MTL_ENABLE_DEBUG_INFO = NO;
				MTL_FAST_MATH = YES;
				SDKROOT = iphoneos;
				VALIDATE_PRODUCT = YES;
			};
			name = Release;
		};
		DCB5119C2819CFFF001BC525 /* Debug */ = {
			isa = XCBuildConfiguration;
			buildSettings = {
				CLANG_ENABLE_MODULES = YES;
				CODE_SIGN_STYLE = Automatic;
				DEVELOPMENT_TEAM = XD77LN4376;
				LD_RUNPATH_SEARCH_PATHS = (
					"$(inherited)",
					"@executable_path/Frameworks",
					"@loader_path/Frameworks",
				);
				OTHER_LDFLAGS = "-ObjC";
				PRODUCT_NAME = "$(TARGET_NAME)";
				SKIP_INSTALL = YES;
				SWIFT_OBJC_BRIDGING_HEADER = "NativeTools/NativeTools-Bridging-Header.h";
				SWIFT_OPTIMIZATION_LEVEL = "-Onone";
				SWIFT_VERSION = 5.0;
				TARGETED_DEVICE_FAMILY = "1,2";
			};
			name = Debug;
		};
		DCB5119D2819CFFF001BC525 /* Release */ = {
			isa = XCBuildConfiguration;
			buildSettings = {
				CLANG_ENABLE_MODULES = YES;
				CODE_SIGN_STYLE = Automatic;
				DEVELOPMENT_TEAM = XD77LN4376;
				LD_RUNPATH_SEARCH_PATHS = (
					"$(inherited)",
					"@executable_path/Frameworks",
					"@loader_path/Frameworks",
				);
				OTHER_LDFLAGS = "-ObjC";
				PRODUCT_NAME = "$(TARGET_NAME)";
				SKIP_INSTALL = YES;
				SWIFT_OBJC_BRIDGING_HEADER = "NativeTools/NativeTools-Bridging-Header.h";
				SWIFT_VERSION = 5.0;
				TARGETED_DEVICE_FAMILY = "1,2";
			};
			name = Release;
		};
/* End XCBuildConfiguration section */

/* Begin XCConfigurationList section */
		DCB5118D2819CFFF001BC525 /* Build configuration list for PBXProject "NativeTools" */ = {
			isa = XCConfigurationList;
			buildConfigurations = (
				DCB511992819CFFF001BC525 /* Debug */,
				DCB5119A2819CFFF001BC525 /* Release */,
			);
			defaultConfigurationIsVisible = 0;
			defaultConfigurationName = Release;
		};
		DCB5119B2819CFFF001BC525 /* Build configuration list for PBXNativeTarget "NativeTools" */ = {
			isa = XCConfigurationList;
			buildConfigurations = (
				DCB5119C2819CFFF001BC525 /* Debug */,
				DCB5119D2819CFFF001BC525 /* Release */,
			);
			defaultConfigurationIsVisible = 0;
			defaultConfigurationName = Release;
		};
/* End XCConfigurationList section */

/* Begin XCRemoteSwiftPackageReference section */
		DCB511A12819D058001BC525 /* XCRemoteSwiftPackageReference "PunycodeSwift" */ = {
			isa = XCRemoteSwiftPackageReference;
			repositoryURL = "https://github.com/gumob/PunycodeSwift.git";
			requirement = {
				branch = master;
				kind = branch;
			};
		};
/* End XCRemoteSwiftPackageReference section */

/* Begin XCSwiftPackageProductDependency section */
		DCB511A22819D058001BC525 /* Punnycode */ = {
			isa = XCSwiftPackageProductDependency;
			package = DCB511A12819D058001BC525 /* XCRemoteSwiftPackageReference "PunycodeSwift" */;
			productName = Punnycode;
		};
/* End XCSwiftPackageProductDependency section */
	};
	rootObject = DCB5118A2819CFFF001BC525 /* Project object */;
}
